# THIS IS AN AUTOGENERATED FILE. DO NOT EDIT THIS FILE DIRECTLY.
# yarn lockfile v1


"@esbuild/win32-x64@0.23.1":
  version "0.23.1"
  resolved "https://registry.npmjs.org/@esbuild/win32-x64/-/win32-x64-0.23.1.tgz"
  integrity sha512-BHpFFeslkWrXWyUPnbKm+xYYVYruCinGcftSBaa8zoF9hZO4BcSCFUvHVTtzpIY6YzUnYtuEhZ+C9iEXjxnasg==

"@inquirer/core@^10.1.3":
  version "10.1.3"
  resolved "https://registry.npmjs.org/@inquirer/core/-/core-10.1.3.tgz"
  integrity sha512-+7/dCYwDku2xfcWJWX6Urxb8aRz6d0K+4lRgIBM08ktE84dm++RPROgnVfWq4hLK5FVu/O4rbO9HnJtaz3pt2w==
  dependencies:
    "@inquirer/figures" "^1.0.9"
    "@inquirer/type" "^3.0.2"
    ansi-escapes "^4.3.2"
    cli-width "^4.1.0"
    mute-stream "^2.0.0"
    signal-exit "^4.1.0"
    strip-ansi "^6.0.1"
    wrap-ansi "^6.2.0"
    yoctocolors-cjs "^2.1.2"

"@inquirer/core@^10.1.4":
  version "10.1.4"
  resolved "https://registry.npmjs.org/@inquirer/core/-/core-10.1.4.tgz"
  integrity sha512-5y4/PUJVnRb4bwWY67KLdebWOhOc7xj5IP2J80oWXa64mVag24rwQ1VAdnj7/eDY/odhguW0zQ1Mp1pj6fO/2w==
  dependencies:
    "@inquirer/figures" "^1.0.9"
    "@inquirer/type" "^3.0.2"
    ansi-escapes "^4.3.2"
    cli-width "^4.1.0"
    mute-stream "^2.0.0"
    signal-exit "^4.1.0"
    strip-ansi "^6.0.1"
    wrap-ansi "^6.2.0"
    yoctocolors-cjs "^2.1.2"

"@inquirer/figures@^1.0.9":
  version "1.0.9"
  resolved "https://registry.npmjs.org/@inquirer/figures/-/figures-1.0.9.tgz"
  integrity sha512-BXvGj0ehzrngHTPTDqUoDT3NXL8U0RxUk2zJm2A66RhCEIWdtU1v6GuUqNAgArW4PQ9CinqIWyHdQgdwOj06zQ==

"@inquirer/input@^4.1.3":
  version "4.1.3"
  resolved "https://registry.npmjs.org/@inquirer/input/-/input-4.1.3.tgz"
  integrity sha512-zeo++6f7hxaEe7OjtMzdGZPHiawsfmCZxWB9X1NpmYgbeoyerIbWemvlBxxl+sQIlHC0WuSAG19ibMq3gbhaqQ==
  dependencies:
    "@inquirer/core" "^10.1.4"
    "@inquirer/type" "^3.0.2"

"@inquirer/number@^3.0.6":
  version "3.0.6"
  resolved "https://registry.npmjs.org/@inquirer/number/-/number-3.0.6.tgz"
  integrity sha512-xO07lftUHk1rs1gR0KbqB+LJPhkUNkyzV/KhH+937hdkMazmAYHLm1OIrNKpPelppeV1FgWrgFDjdUD8mM+XUg==
  dependencies:
    "@inquirer/core" "^10.1.4"
    "@inquirer/type" "^3.0.2"

"@inquirer/password@^4.0.6":
  version "4.0.6"
  resolved "https://registry.npmjs.org/@inquirer/password/-/password-4.0.6.tgz"
  integrity sha512-QLF0HmMpHZPPMp10WGXh6F+ZPvzWE7LX6rNoccdktv/Rov0B+0f+eyXkAcgqy5cH9V+WSpbLxu2lo3ysEVK91w==
  dependencies:
    "@inquirer/core" "^10.1.4"
    "@inquirer/type" "^3.0.2"
    ansi-escapes "^4.3.2"

"@inquirer/search@^3.0.6":
  version "3.0.6"
  resolved "https://registry.npmjs.org/@inquirer/search/-/search-3.0.6.tgz"
  integrity sha512-eFZ2hiAq0bZcFPuFFBmZEtXU1EarHLigE+ENCtpO+37NHCl4+Yokq1P/d09kUblObaikwfo97w+0FtG/EXl5Ng==
  dependencies:
    "@inquirer/core" "^10.1.4"
    "@inquirer/figures" "^1.0.9"
    "@inquirer/type" "^3.0.2"
    yoctocolors-cjs "^2.1.2"

"@inquirer/select@^4.0.5":
  version "4.0.5"
  resolved "https://registry.npmjs.org/@inquirer/select/-/select-4.0.5.tgz"
  integrity sha512-5UAnpWqs0G316MwJdSdgaRcWPIuUPllHa8pdHVi/w9KE/Ff/GzWhPwUn9ETtq/n8GEiWDUrP/LdJN8FJxf7JbA==
  dependencies:
    "@inquirer/core" "^10.1.3"
    "@inquirer/figures" "^1.0.9"
    "@inquirer/type" "^3.0.2"
    ansi-escapes "^4.3.2"
    yoctocolors-cjs "^2.1.2"

"@inquirer/type@^3.0.2":
  version "3.0.2"
  resolved "https://registry.npmjs.org/@inquirer/type/-/type-3.0.2.tgz"
  integrity sha512-ZhQ4TvhwHZF+lGhQ2O/rsjo80XoZR5/5qhOY3t6FJuX5XBg5Be8YzYTvaUGJnc12AUGI2nr4QSUE4PhKSigx7g==

"@types/node@^18.11.18":
  version "18.19.70"
  resolved "https://registry.npmjs.org/@types/node/-/node-18.19.70.tgz"
  integrity sha512-RE+K0+KZoEpDUbGGctnGdkrLFwi1eYKTlIHNl2Um98mUkGsm1u2Ff6Ltd0e8DktTtC98uy7rSj+hO8t/QuLoVQ==
  dependencies:
    undici-types "~5.26.4"

"@types/node@^22.10.5", "@types/node@>=18":
  version "22.10.5"
  resolved "https://registry.npmjs.org/@types/node/-/node-22.10.5.tgz"
  integrity sha512-F8Q+SeGimwOo86fiovQh8qiXfFEh2/ocYv7tU5pJ3EXMSSxk1Joj5wefpFK2fHTf/N6HKGSxIDBT9f3gCxXPkQ==
  dependencies:
    undici-types "~6.20.0"

"@types/ssh2@^1.15.4":
  version "1.15.4"
  resolved "https://registry.npmjs.org/@types/ssh2/-/ssh2-1.15.4.tgz"
  integrity sha512-9JTQgVBWSgq6mAen6PVnrAmty1lqgCMvpfN+1Ck5WRUsyMYPa6qd50/vMJ0y1zkGpOEgLzm8m8Dx/Y5vRouLaA==
  dependencies:
    "@types/node" "^18.11.18"

ansi-escapes@^4.3.2:
  version "4.3.2"
  resolved "https://registry.npmjs.org/ansi-escapes/-/ansi-escapes-4.3.2.tgz"
  integrity sha512-gKXj5ALrKWQLsYG9jlTRmR/xKluxHV+Z9QEwNIgCfM1/uwPMCuzVVnh5mwTd+OuBZcwSIMbqssNWRm1lE51QaQ==
  dependencies:
    type-fest "^0.21.3"

ansi-regex@^5.0.1:
  version "5.0.1"
  resolved "https://registry.npmjs.org/ansi-regex/-/ansi-regex-5.0.1.tgz"
  integrity sha512-quJQXlTSUGL2LH9SUXo8VwsY4soanhgo6LNSm84E1LBcE8s3O0wpdiRzyR9z/ZZJMlMWv37qOOb9pdJlMUEKFQ==

ansi-styles@^4.0.0:
  version "4.3.0"
  resolved "https://registry.npmjs.org/ansi-styles/-/ansi-styles-4.3.0.tgz"
  integrity sha512-zbB9rCJAT1rbjiVDb2hqKFHNYLxgtk8NURxZ3IZwD3F6NtxbXZQCnnSi1Lkx+IDohdPlFp222wVALIheZJQSEg==
  dependencies:
    color-convert "^2.0.1"

asn1@^0.2.6:
  version "0.2.6"
  resolved "https://registry.npmjs.org/asn1/-/asn1-0.2.6.tgz"
  integrity sha512-ix/FxPn0MDjeyJ7i/yoHGFt/EX6LyNbxSEhPPXODPL+KB0VPk86UYfL0lMdy+KCnv+fmvIzySwaK5COwqVbWTQ==
  dependencies:
    safer-buffer "~2.1.0"

bcrypt-pbkdf@^1.0.2:
  version "1.0.2"
  resolved "https://registry.npmjs.org/bcrypt-pbkdf/-/bcrypt-pbkdf-1.0.2.tgz"
  integrity sha512-qeFIXtP4MSoi6NLqO12WfqARWWuCKi2Rn/9hJLEmtB5yTNr9DqFWkJRCf2qShWzPeAMRnOgCrq0sg/KLv5ES9w==
  dependencies:
    tweetnacl "^0.14.3"

buildcheck@~0.0.6:
  version "0.0.6"

cli-width@^4.1.0:
  version "4.1.0"
  resolved "https://registry.npmjs.org/cli-width/-/cli-width-4.1.0.tgz"
  integrity sha512-ouuZd4/dm2Sw5Gmqy6bGyNNNe1qt9RpmxveLSO7KcgsTnU7RXfsw+/bukWGo1abgBiMAic068rclZsO4IWmmxQ==

color-convert@^2.0.1:
  version "2.0.1"
  resolved "https://registry.npmjs.org/color-convert/-/color-convert-2.0.1.tgz"
  integrity sha512-RRECPsj7iu/xb5oKYcsFHSppFNnsj/52OVTRKb4zP5onXwVF3zVmmToNcOfGC+CRDpfK/U584fMg38ZHCaElKQ==
  dependencies:
    color-name "~1.1.4"

color-name@~1.1.4:
  version "1.1.4"
  resolved "https://registry.npmjs.org/color-name/-/color-name-1.1.4.tgz"
  integrity sha512-dOy+3AuW3a2wNbZHIuMZpTcgjGuLU/uBL/ubcZF9OXbDo8ff4O8yVp5Bf0efS8uEoYo5q4Fx7dY9OgQGXgAsQA==

commander@^13.0.0:
  version "13.0.0"
  resolved "https://registry.npmjs.org/commander/-/commander-13.0.0.tgz"
  integrity sha512-oPYleIY8wmTVzkvQq10AEok6YcTC4sRUBl8F9gVuwchGVUCTbl/vhLTaQqutuuySYOsu8YTgV+OxKc/8Yvx+mQ==

cpu-features@~0.0.10:
  version "0.0.10"
  dependencies:
    buildcheck "~0.0.6"
    nan "^2.19.0"

dayjs@^1.11.13:
  version "1.11.13"
  resolved "https://registry.npmjs.org/dayjs/-/dayjs-1.11.13.tgz"
  integrity sha512-oaMBel6gjolK862uaPQOVTA7q3TZhuSvuMQAAglQDOWYO9A91IrAOUJEyKVlqJlHE0vq5p5UXxzdPfMH/x6xNg==

debug@^4.3.2:
  version "4.4.0"
  resolved "https://registry.npmjs.org/debug/-/debug-4.4.0.tgz"
  integrity sha512-6WTZ/IxCY/T6BALoZHaE4ctp9xm+Z5kY/pzYaCHRFeyVhojxlrm+46y68HA6hr0TcwEssoxNiDEUJQjfPZ/RYA==
  dependencies:
    ms "^2.1.3"

emoji-regex@^8.0.0:
  version "8.0.0"
  resolved "https://registry.npmjs.org/emoji-regex/-/emoji-regex-8.0.0.tgz"
  integrity sha512-MSjYzcWNOA0ewAHpz0MxpYFvwg6yjy1NG3xteoqz644VCo/RPgnr1/GGt+ic3iJTzQ8Eu3TdM14SawnVUmGE6A==

esbuild@~0.23.0:
  version "0.23.1"
  resolved "https://registry.npmjs.org/esbuild/-/esbuild-0.23.1.tgz"
  integrity sha512-VVNz/9Sa0bs5SELtn3f7qhJCDPCF5oMEl5cO9/SSinpE9hbPVvxbd572HH5AKiP7WD8INO53GgfDDhRjkylHEg==
  optionalDependencies:
    "@esbuild/aix-ppc64" "0.23.1"
    "@esbuild/android-arm" "0.23.1"
    "@esbuild/android-arm64" "0.23.1"
    "@esbuild/android-x64" "0.23.1"
    "@esbuild/darwin-arm64" "0.23.1"
    "@esbuild/darwin-x64" "0.23.1"
    "@esbuild/freebsd-arm64" "0.23.1"
    "@esbuild/freebsd-x64" "0.23.1"
    "@esbuild/linux-arm" "0.23.1"
    "@esbuild/linux-arm64" "0.23.1"
    "@esbuild/linux-ia32" "0.23.1"
    "@esbuild/linux-loong64" "0.23.1"
    "@esbuild/linux-mips64el" "0.23.1"
    "@esbuild/linux-ppc64" "0.23.1"
    "@esbuild/linux-riscv64" "0.23.1"
    "@esbuild/linux-s390x" "0.23.1"
    "@esbuild/linux-x64" "0.23.1"
    "@esbuild/netbsd-x64" "0.23.1"
    "@esbuild/openbsd-arm64" "0.23.1"
    "@esbuild/openbsd-x64" "0.23.1"
    "@esbuild/sunos-x64" "0.23.1"
    "@esbuild/win32-arm64" "0.23.1"
    "@esbuild/win32-ia32" "0.23.1"
    "@esbuild/win32-x64" "0.23.1"

fix-esm-import-path@^1.10.1:
  version "1.10.1"
  resolved "https://registry.npmjs.org/fix-esm-import-path/-/fix-esm-import-path-1.10.1.tgz"
  integrity sha512-9PyPwTRujdf6UWDWMz4W1HUlPVHliD68aOC2tpRO+XvRfM1lQjJb8eo1yNVo8G9XZfYoWLPstoXxaUnnpP3TIA==
  dependencies:
    debug "^4.3.2"

get-tsconfig@^4.7.5:
  version "4.8.1"
  resolved "https://registry.npmjs.org/get-tsconfig/-/get-tsconfig-4.8.1.tgz"
  integrity sha512-k9PN+cFBmaLWtVz29SkUoqU5O0slLuHJXt/2P+tMVFT+phsSGXGkp9t3rQIqdz0e+06EHNGs3oM6ZX1s2zHxRg==
  dependencies:
    resolve-pkg-maps "^1.0.0"

is-fullwidth-code-point@^3.0.0:
  version "3.0.0"
  resolved "https://registry.npmjs.org/is-fullwidth-code-point/-/is-fullwidth-code-point-3.0.0.tgz"
  integrity sha512-zymm5+u+sCsSWyD9qNaejV3DFvhCKclKdizYaJUuHA83RLjb7nSuGnddCHGv0hk+KY7BMAlsWeK4Ueg6EV6XQg==

ms@^2.1.3:
  version "2.1.3"
  resolved "https://registry.npmjs.org/ms/-/ms-2.1.3.tgz"
  integrity sha512-6FlzubTLZG3J2a/NVCAleEhjzq5oxgHyaCU9yYXvcLsvoVaHJq/s5xXI6/XXP6tz7R9xAOtHnSO/tXtF3WRTlA==

mute-stream@^2.0.0:
  version "2.0.0"
  resolved "https://registry.npmjs.org/mute-stream/-/mute-stream-2.0.0.tgz"
  integrity sha512-WWdIxpyjEn+FhQJQQv9aQAYlHoNVdzIzUySNV1gHUPDSdZJ3yZn7pAAbQcV7B56Mvu881q9FZV+0Vx2xC44VWA==

nan@^2.19.0, nan@^2.20.0:
  version "2.22.0"
  resolved "https://registry.npmjs.org/nan/-/nan-2.22.0.tgz"
  integrity sha512-nbajikzWTMwsW+eSsNm3QwlOs7het9gGJU5dDZzRTQGk03vyBOauxgI4VakDzE0PtsGTmXPsXTbbjVhRwR5mpw==

nanoid@^5.0.9:
  version "5.0.9"
  resolved "https://registry.npmjs.org/nanoid/-/nanoid-5.0.9.tgz"
  integrity sha512-Aooyr6MXU6HpvvWXKoVoXwKMs/KyVakWwg7xQfv5/S/RIgJMy0Ifa45H9qqYy7pTCszrHzP21Uk4PZq2HpEM8Q==

resolve-pkg-maps@^1.0.0:
  version "1.0.0"
  resolved "https://registry.npmjs.org/resolve-pkg-maps/-/resolve-pkg-maps-1.0.0.tgz"
  integrity sha512-seS2Tj26TBVOC2NIc2rOe2y2ZO7efxITtLZcGSOnHHNOQ7CkiUBfw0Iw2ck6xkIhPwLhKNLS8BO+hEpngQlqzw==

safer-buffer@~2.1.0:
  version "2.1.2"
  resolved "https://registry.npmjs.org/safer-buffer/-/safer-buffer-2.1.2.tgz"
  integrity sha512-YZo3K82SD7Riyi0E1EQPojLz7kpepnSQI9IyPbHHg1XXXevb5dJI7tpyN2ADxGcQbHG7vcyRHk0cbwqcQriUtg==

signal-exit@^4.1.0:
  version "4.1.0"
  resolved "https://registry.npmjs.org/signal-exit/-/signal-exit-4.1.0.tgz"
  integrity sha512-bzyZ1e88w9O1iNJbKnOlvYTrWPDl46O1bG0D3XInv+9tkPrxrN8jUUTiFlDkkmKWgn1M6CfIA13SuGqOa9Korw==

ssh2@^1.16.0:
  version "1.16.0"
  resolved "https://registry.npmjs.org/ssh2/-/ssh2-1.16.0.tgz"
  integrity sha512-r1X4KsBGedJqo7h8F5c4Ybpcr5RjyP+aWIG007uBPRjmdQWfEiVLzSK71Zji1B9sKxwaCvD8y8cwSkYrlLiRRg==
  dependencies:
    asn1 "^0.2.6"
    bcrypt-pbkdf "^1.0.2"
  optionalDependencies:
    cpu-features "~0.0.10"
    nan "^2.20.0"

string-width@^4.1.0:
  version "4.2.3"
  resolved "https://registry.npmjs.org/string-width/-/string-width-4.2.3.tgz"
  integrity sha512-wKyQRQpjJ0sIp62ErSZdGsjMJWsap5oRNihHhu6G7JVO/9jIB6UyevL+tXuOqrng8j/cxKTWyWUwvSTriiZz/g==
  dependencies:
    emoji-regex "^8.0.0"
    is-fullwidth-code-point "^3.0.0"
    strip-ansi "^6.0.1"

strip-ansi@^6.0.0, strip-ansi@^6.0.1:
  version "6.0.1"
  resolved "https://registry.npmjs.org/strip-ansi/-/strip-ansi-6.0.1.tgz"
  integrity sha512-Y38VPSHcqkFrCpFnQ9vuSXmquuv5oXOKpGeT6aGrr3o3Gc9AlVa6JBfUSOCnbxGGZF+/0ooI7KrPuUSztUdU5A==
  dependencies:
    ansi-regex "^5.0.1"

tsx@^4.19.2:
  version "4.19.2"
  resolved "https://registry.npmjs.org/tsx/-/tsx-4.19.2.tgz"
  integrity sha512-pOUl6Vo2LUq/bSa8S5q7b91cgNSjctn9ugq/+Mvow99qW6x/UZYwzxy/3NmqoT66eHYfCVvFvACC58UBPFf28g==
  dependencies:
    esbuild "~0.23.0"
    get-tsconfig "^4.7.5"
  optionalDependencies:
    fsevents "~2.3.3"

tweetnacl@^0.14.3:
  version "0.14.5"
  resolved "https://registry.npmjs.org/tweetnacl/-/tweetnacl-0.14.5.tgz"
  integrity sha512-KXXFFdAbFXY4geFIwoyNK+f5Z1b7swfXABfL7HXCmoIWMKU3dmS26672A4EeQtDzLKy7SXmfBu51JolvEKwtGA==

type-fest@^0.21.3:
  version "0.21.3"
  resolved "https://registry.npmjs.org/type-fest/-/type-fest-0.21.3.tgz"
  integrity sha512-t0rzBq87m3fVcduHDUFhKmyyX+9eo6WQjZvf51Ea/M0Q7+T374Jp1aUiyUl0GKxp8M/OETVHSDvmkyPgvX+X2w==

typescript@^5.7.3:
  version "5.7.3"
  resolved "https://registry.npmjs.org/typescript/-/typescript-5.7.3.tgz"
  integrity sha512-84MVSjMEHP+FQRPy3pX9sTVV/INIex71s9TL2Gm5FG/WG1SqXeKyZ0k7/blY/4FdOzI12CBy1vGc4og/eus0fw==

undici-types@~5.26.4:
  version "5.26.5"
  resolved "https://registry.npmjs.org/undici-types/-/undici-types-5.26.5.tgz"
  integrity sha512-JlCMO+ehdEIKqlFxk6IfVoAUVmgz7cU7zD/h9XZ0qzeosSHmUJVOzSQvvYSYWXkFXC+IfLKSIffhv0sVZup6pA==

undici-types@~6.20.0:
  version "6.20.0"
  resolved "https://registry.npmjs.org/undici-types/-/undici-types-6.20.0.tgz"
  integrity sha512-Ny6QZ2Nju20vw1SRHe3d9jVu6gJ+4e3+MMpqu7pqE5HT6WsTSlce++GQmK5UXS8mzV8DSYHrQH+Xrf2jVcuKNg==

wrap-ansi@^6.2.0:
  version "6.2.0"
  resolved "https://registry.npmjs.org/wrap-ansi/-/wrap-ansi-6.2.0.tgz"
  integrity sha512-r6lPcBGxZXlIcymEu7InxDMhdW0KDxpLgoFLcguasxCaJ/SOIZwINatK9KY/tf+ZrlywOKU0UDj3ATXUBfxJXA==
  dependencies:
    ansi-styles "^4.0.0"
    string-width "^4.1.0"
    strip-ansi "^6.0.0"

yocto-spinner@^0.1.2:
  version "0.1.2"
  resolved "https://registry.npmjs.org/yocto-spinner/-/yocto-spinner-0.1.2.tgz"
  integrity sha512-VfmLIh/ZSZOJnVRQZc/dvpPP90lWL4G0bmxQMP0+U/2vKBA8GSpcBuWv17y7F+CZItRuO97HN1wdbb4p10uhOg==
  dependencies:
    yoctocolors "^2.1.1"

yoctocolors-cjs@^2.1.2:
  version "2.1.2"
  resolved "https://registry.npmjs.org/yoctocolors-cjs/-/yoctocolors-cjs-2.1.2.tgz"
  integrity sha512-cYVsTjKl8b+FrnidjibDWskAv7UKOfcwaVZdp/it9n1s9fU3IkgDbhdIRKCW4JDsAlECJY0ytoVPT3sK6kideA==

yoctocolors@^2.1.1:
  version "2.1.1"
  resolved "https://registry.npmjs.org/yoctocolors/-/yoctocolors-2.1.1.tgz"
  integrity sha512-GQHQqAopRhwU8Kt1DDM8NjibDXHC8eoh1erhGAJPEyveY9qqVeXvVikNKrDz69sHowPMorbPUrH/mx8c50eiBQ==
